
Microsoft Visual Studio Solution File, Format Version 12.00
# Visual Studio 15
VisualStudioVersion = 15.0.28307.438
MinimumVisualStudioVersion = 10.0.40219.1
Project("{9A19103F-16F7-4668-BE54-9A1E7A4F7556}") = "Corpora", "Corpora\Corpora.csproj", "{8BCFA817-730C-4358-A532-4591355D7352}"
EndProject
Project("{2150E333-8FDC-42A3-9474-1A3956D46DE8}") = "Tools", "Tools", "{0AE122FB-9042-45D6-931C-F47F85EB6895}"
EndProject
Project("{9A19103F-16F7-4668-BE54-9A1E7A4F7556}") = "GrammemeGenerator", "Generators\GrammemeGenerator\GrammemeGenerator.csproj", "{AE59DDFD-FDB0-4564-AB91-924F6B5E93AE}"
EndProject
Project("{FAE04EC0-301F-11D3-BF4B-00C04F79EFBC}") = "WordAnalyzer", "Samples\WordAnalyzer\WordAnalyzer.csproj", "{965C7413-6530-404B-97CB-D188798CAA3E}"
EndProject
Global
	GlobalSection(SolutionConfigurationPlatforms) = preSolution
		Debug|Any CPU = Debug|Any CPU
		Release|Any CPU = Release|Any CPU
	EndGlobalSection
	GlobalSection(ProjectConfigurationPlatforms) = postSolution
		{8BCFA817-730C-4358-A532-4591355D7352}.Debug|Any CPU.ActiveCfg = Debug|Any CPU
		{8BCFA817-730C-4358-A532-4591355D7352}.Debug|Any CPU.Build.0 = Debug|Any CPU
		{8BCFA817-730C-4358-A532-4591355D7352}.Release|Any CPU.ActiveCfg = Release|Any CPU
		{8BCFA817-730C-4358-A532-4591355D7352}.Release|Any CPU.Build.0 = Release|Any CPU
		{AE59DDFD-FDB0-4564-AB91-924F6B5E93AE}.Debug|Any CPU.ActiveCfg = Debug|Any CPU
		{AE59DDFD-FDB0-4564-AB91-924F6B5E93AE}.Debug|Any CPU.Build.0 = Debug|Any CPU
		{AE59DDFD-FDB0-4564-AB91-924F6B5E93AE}.Release|Any CPU.ActiveCfg = Release|Any CPU
		{AE59DDFD-FDB0-4564-AB91-924F6B5E93AE}.Release|Any CPU.Build.0 = Release|Any CPU
		{965C7413-6530-404B-97CB-D188798CAA3E}.Debug|Any CPU.ActiveCfg = Debug|Any CPU
		{965C7413-6530-404B-97CB-D188798CAA3E}.Debug|Any CPU.Build.0 = Debug|Any CPU
		{965C7413-6530-404B-97CB-D188798CAA3E}.Release|Any CPU.ActiveCfg = Release|Any CPU
		{965C7413-6530-404B-97CB-D188798CAA3E}.Release|Any CPU.Build.0 = Release|Any CPU
	EndGlobalSection
	GlobalSection(SolutionProperties) = preSolution
		HideSolutionNode = FALSE
	EndGlobalSection
	GlobalSection(NestedProjects) = preSolution
		{AE59DDFD-FDB0-4564-AB91-924F6B5E93AE} = {0AE122FB-9042-45D6-931C-F47F85EB6895}
	EndGlobalSection
	GlobalSection(ExtensibilityGlobals) = postSolution
		SolutionGuid = {7190FD53-28CF-4F0D-8927-F511675B20AC}
	EndGlobalSection
EndGlobal
